// !$*UTF8*$!
{
	archiveVersion = 1;
	classes = {
	};
	objectVersion = 55;
	objects = {

/* Begin PBXBuildFile section */
		D515E40228ACE0460001DFBB /* iosPracticeSwiftUI_ver1App.swift in Sources */ = {isa = PBXBuildFile; fileRef = D515E40128ACE0460001DFBB /* iosPracticeSwiftUI_ver1App.swift */; };
		D515E40428ACE0460001DFBB /* ContentView.swift in Sources */ = {isa = PBXBuildFile; fileRef = D515E40328ACE0460001DFBB /* ContentView.swift */; };
		D515E40628ACE0490001DFBB /* Assets.xcassets in Resources */ = {isa = PBXBuildFile; fileRef = D515E40528ACE0490001DFBB /* Assets.xcassets */; };
		D515E40928ACE0490001DFBB /* Preview Assets.xcassets in Resources */ = {isa = PBXBuildFile; fileRef = D515E40828ACE0490001DFBB /* Preview Assets.xcassets */; };
		D515E40B28ACE0490001DFBB /* Persistence.swift in Sources */ = {isa = PBXBuildFile; fileRef = D515E40A28ACE0490001DFBB /* Persistence.swift */; };
		D515E40E28ACE0490001DFBB /* iosPracticeSwiftUI_ver1.xcdatamodeld in Sources */ = {isa = PBXBuildFile; fileRef = D515E40C28ACE0490001DFBB /* iosPracticeSwiftUI_ver1.xcdatamodeld */; };
		D515E41828ACE04A0001DFBB /* iosPracticeSwiftUI_ver1Tests.swift in Sources */ = {isa = PBXBuildFile; fileRef = D515E41728ACE04A0001DFBB /* iosPracticeSwiftUI_ver1Tests.swift */; };
		D515E42228ACE04A0001DFBB /* iosPracticeSwiftUI_ver1UITests.swift in Sources */ = {isa = PBXBuildFile; fileRef = D515E42128ACE04A0001DFBB /* iosPracticeSwiftUI_ver1UITests.swift */; };
		D515E42428ACE04A0001DFBB /* iosPracticeSwiftUI_ver1UITestsLaunchTests.swift in Sources */ = {isa = PBXBuildFile; fileRef = D515E42328ACE04A0001DFBB /* iosPracticeSwiftUI_ver1UITestsLaunchTests.swift */; };
/* End PBXBuildFile section */

/* Begin PBXContainerItemProxy section */
		D515E41428ACE04A0001DFBB /* PBXContainerItemProxy */ = {
			isa = PBXContainerItemProxy;
			containerPortal = D515E3F628ACE0460001DFBB /* Project object */;
			proxyType = 1;
			remoteGlobalIDString = D515E3FD28ACE0460001DFBB;
			remoteInfo = iosPracticeSwiftUI_ver1;
		};
		D515E41E28ACE04A0001DFBB /* PBXContainerItemProxy */ = {
			isa = PBXContainerItemProxy;
			containerPortal = D515E3F628ACE0460001DFBB /* Project object */;
			proxyType = 1;
			remoteGlobalIDString = D515E3FD28ACE0460001DFBB;
			remoteInfo = iosPracticeSwiftUI_ver1;
		};
/* End PBXContainerItemProxy section */

/* Begin PBXFileReference section */
		D515E3FE28ACE0460001DFBB /* iosPracticeSwiftUI_ver1.app */ = {isa = PBXFileReference; explicitFileType = wrapper.application; includeInIndex = 0; path = iosPracticeSwiftUI_ver1.app; sourceTree = BUILT_PRODUCTS_DIR; };
		D515E40128ACE0460001DFBB /* iosPracticeSwiftUI_ver1App.swift */ = {isa = PBXFileReference; lastKnownFileType = sourcecode.swift; path = iosPracticeSwiftUI_ver1App.swift; sourceTree = "<group>"; };
		D515E40328ACE0460001DFBB /* ContentView.swift */ = {isa = PBXFileReference; lastKnownFileType = sourcecode.swift; path = ContentView.swift; sourceTree = "<group>"; };
		D515E40528ACE0490001DFBB /* Assets.xcassets */ = {isa = PBXFileReference; lastKnownFileType = folder.assetcatalog; path = Assets.xcassets; sourceTree = "<group>"; };
		D515E40828ACE0490001DFBB /* Preview Assets.xcassets */ = {isa = PBXFileReference; lastKnownFileType = folder.assetcatalog; path = "Preview Assets.xcassets"; sourceTree = "<group>"; };
		D515E40A28ACE0490001DFBB /* Persistence.swift */ = {isa = PBXFileReference; lastKnownFileType = sourcecode.swift; path = Persistence.swift; sourceTree = "<group>"; };
		D515E40D28ACE0490001DFBB /* iosPracticeSwiftUI_ver1.xcdatamodel */ = {isa = PBXFileReference; lastKnownFileType = wrapper.xcdatamodel; path = iosPracticeSwiftUI_ver1.xcdatamodel; sourceTree = "<group>"; };
		D515E41328ACE04A0001DFBB /* iosPracticeSwiftUI_ver1Tests.xctest */ = {isa = PBXFileReference; explicitFileType = wrapper.cfbundle; includeInIndex = 0; path = iosPracticeSwiftUI_ver1Tests.xctest; sourceTree = BUILT_PRODUCTS_DIR; };
		D515E41728ACE04A0001DFBB /* iosPracticeSwiftUI_ver1Tests.swift */ = {isa = PBXFileReference; lastKnownFileType = sourcecode.swift; path = iosPracticeSwiftUI_ver1Tests.swift; sourceTree = "<group>"; };
		D515E41D28ACE04A0001DFBB /* iosPracticeSwiftUI_ver1UITests.xctest */ = {isa = PBXFileReference; explicitFileType = wrapper.cfbundle; includeInIndex = 0; path = iosPracticeSwiftUI_ver1UITests.xctest; sourceTree = BUILT_PRODUCTS_DIR; };
		D515E42128ACE04A0001DFBB /* iosPracticeSwiftUI_ver1UITests.swift */ = {isa = PBXFileReference; lastKnownFileType = sourcecode.swift; path = iosPracticeSwiftUI_ver1UITests.swift; sourceTree = "<group>"; };
		D515E42328ACE04A0001DFBB /* iosPracticeSwiftUI_ver1UITestsLaunchTests.swift */ = {isa = PBXFileReference; lastKnownFileType = sourcecode.swift; path = iosPracticeSwiftUI_ver1UITestsLaunchTests.swift; sourceTree = "<group>"; };
/* End PBXFileReference section */

/* Begin PBXFrameworksBuildPhase section */
		D515E3FB28ACE0460001DFBB /* Frameworks */ = {
			isa = PBXFrameworksBuildPhase;
			buildActionMask = 2147483647;
			files = (
			);
			runOnlyForDeploymentPostprocessing = 0;
		};
		D515E41028ACE04A0001DFBB /* Frameworks */ = {
			isa = PBXFrameworksBuildPhase;
			buildActionMask = 2147483647;
			files = (
			);
			runOnlyForDeploymentPostprocessing = 0;
		};
		D515E41A28ACE04A0001DFBB /* Frameworks */ = {
			isa = PBXFrameworksBuildPhase;
			buildActionMask = 2147483647;
			files = (
			);
			runOnlyForDeploymentPostprocessing = 0;
		};
/* End PBXFrameworksBuildPhase section */

/* Begin PBXGroup section */
		D515E3F528ACE0460001DFBB = {
			isa = PBXGroup;
			children = (
				D515E40028ACE0460001DFBB /* iosPracticeSwiftUI_ver1 */,
				D515E41628ACE04A0001DFBB /* iosPracticeSwiftUI_ver1Tests */,
				D515E42028ACE04A0001DFBB /* iosPracticeSwiftUI_ver1UITests */,
				D515E3FF28ACE0460001DFBB /* Products */,
			);
			sourceTree = "<group>";
		};
		D515E3FF28ACE0460001DFBB /* Products */ = {
			isa = PBXGroup;
			children = (
				D515E3FE28ACE0460001DFBB /* iosPracticeSwiftUI_ver1.app */,
				D515E41328ACE04A0001DFBB /* iosPracticeSwiftUI_ver1Tests.xctest */,
				D515E41D28ACE04A0001DFBB /* iosPracticeSwiftUI_ver1UITests.xctest */,
			);
			name = Products;
			sourceTree = "<group>";
		};
		D515E40028ACE0460001DFBB /* iosPracticeSwiftUI_ver1 */ = {
			isa = PBXGroup;
			children = (
				D515E40128ACE0460001DFBB /* iosPracticeSwiftUI_ver1App.swift */,
				D515E40328ACE0460001DFBB /* ContentView.swift */,
				D515E40528ACE0490001DFBB /* Assets.xcassets */,
				D515E40A28ACE0490001DFBB /* Persistence.swift */,
				D515E40C28ACE0490001DFBB /* iosPracticeSwiftUI_ver1.xcdatamodeld */,
				D515E40728ACE0490001DFBB /* Preview Content */,
			);
			path = iosPracticeSwiftUI_ver1;
			sourceTree = "<group>";
		};
		D515E40728ACE0490001DFBB /* Preview Content */ = {
			isa = PBXGroup;
			children = (
				D515E40828ACE0490001DFBB /* Preview Assets.xcassets */,
			);
			path = "Preview Content";
			sourceTree = "<group>";
		};
		D515E41628ACE04A0001DFBB /* iosPracticeSwiftUI_ver1Tests */ = {
			isa = PBXGroup;
			children = (
				D515E41728ACE04A0001DFBB /* iosPracticeSwiftUI_ver1Tests.swift */,
			);
			path = iosPracticeSwiftUI_ver1Tests;
			sourceTree = "<group>";
		};
		D515E42028ACE04A0001DFBB /* iosPracticeSwiftUI_ver1UITests */ = {
			isa = PBXGroup;
			children = (
				D515E42128ACE04A0001DFBB /* iosPracticeSwiftUI_ver1UITests.swift */,
				D515E42328ACE04A0001DFBB /* iosPracticeSwiftUI_ver1UITestsLaunchTests.swift */,
			);
			path = iosPracticeSwiftUI_ver1UITests;
			sourceTree = "<group>";
		};
/* End PBXGroup section */

/* Begin PBXNativeTarget section */
		D515E3FD28ACE0460001DFBB /* iosPracticeSwiftUI_ver1 */ = {
			isa = PBXNativeTarget;
			buildConfigurationList = D515E42728ACE04A0001DFBB /* Build configuration list for PBXNativeTarget "iosPracticeSwiftUI_ver1" */;
			buildPhases = (
				D515E3FA28ACE0460001DFBB /* Sources */,
				D515E3FB28ACE0460001DFBB /* Frameworks */,
				D515E3FC28ACE0460001DFBB /* Resources */,
			);
			buildRules = (
			);
			dependencies = (
			);
			name = iosPracticeSwiftUI_ver1;
			productName = iosPracticeSwiftUI_ver1;
			productReference = D515E3FE28ACE0460001DFBB /* iosPracticeSwiftUI_ver1.app */;
			productType = "com.apple.product-type.application";
		};
		D515E41228ACE04A0001DFBB /* iosPracticeSwiftUI_ver1Tests */ = {
			isa = PBXNativeTarget;
			buildConfigurationList = D515E42A28ACE04A0001DFBB /* Build configuration list for PBXNativeTarget "iosPracticeSwiftUI_ver1Tests" */;
			buildPhases = (
				D515E40F28ACE04A0001DFBB /* Sources */,
				D515E41028ACE04A0001DFBB /* Frameworks */,
				D515E41128ACE04A0001DFBB /* Resources */,
			);
			buildRules = (
			);
			dependencies = (
				D515E41528ACE04A0001DFBB /* PBXTargetDependency */,
			);
			name = iosPracticeSwiftUI_ver1Tests;
			productName = iosPracticeSwiftUI_ver1Tests;
			productReference = D515E41328ACE04A0001DFBB /* iosPracticeSwiftUI_ver1Tests.xctest */;
			productType = "com.apple.product-type.bundle.unit-test";
		};
		D515E41C28ACE04A0001DFBB /* iosPracticeSwiftUI_ver1UITests */ = {
			isa = PBXNativeTarget;
			buildConfigurationList = D515E42D28ACE04A0001DFBB /* Build configuration list for PBXNativeTarget "iosPracticeSwiftUI_ver1UITests" */;
			buildPhases = (
				D515E41928ACE04A0001DFBB /* Sources */,
				D515E41A28ACE04A0001DFBB /* Frameworks */,
				D515E41B28ACE04A0001DFBB /* Resources */,
			);
			buildRules = (
			);
			dependencies = (
				D515E41F28ACE04A0001DFBB /* PBXTargetDependency */,
			);
			name = iosPracticeSwiftUI_ver1UITests;
			productName = iosPracticeSwiftUI_ver1UITests;
			productReference = D515E41D28ACE04A0001DFBB /* iosPracticeSwiftUI_ver1UITests.xctest */;
			productType = "com.apple.product-type.bundle.ui-testing";
		};
/* End PBXNativeTarget section */

/* Begin PBXProject section */
		D515E3F628ACE0460001DFBB /* Project object */ = {
			isa = PBXProject;
			attributes = {
				BuildIndependentTargetsInParallel = 1;
				LastSwiftUpdateCheck = 1340;
				LastUpgradeCheck = 1340;
				TargetAttributes = {
					D515E3FD28ACE0460001DFBB = {
						CreatedOnToolsVersion = 13.4.1;
					};
					D515E41228ACE04A0001DFBB = {
						CreatedOnToolsVersion = 13.4.1;
						TestTargetID = D515E3FD28ACE0460001DFBB;
					};
					D515E41C28ACE04A0001DFBB = {
						CreatedOnToolsVersion = 13.4.1;
						TestTargetID = D515E3FD28ACE0460001DFBB;
					};
				};
			};
			buildConfigurationList = D515E3F928ACE0460001DFBB /* Build configuration list for PBXProject "iosPracticeSwiftUI_ver1" */;
			compatibilityVersion = "Xcode 13.0";
			developmentRegion = en;
			hasScannedForEncodings = 0;
			knownRegions = (
				en,
				Base,
			);
			mainGroup = D515E3F528ACE0460001DFBB;
			productRefGroup = D515E3FF28ACE0460001DFBB /* Products */;
			projectDirPath = "";
			projectRoot = "";
			targets = (
				D515E3FD28ACE0460001DFBB /* iosPracticeSwiftUI_ver1 */,
				D515E41228ACE04A0001DFBB /* iosPracticeSwiftUI_ver1Tests */,
				D515E41C28ACE04A0001DFBB /* iosPracticeSwiftUI_ver1UITests */,
			);
		};
/* End PBXProject section */

/* Begin PBXResourcesBuildPhase section */
		D515E3FC28ACE0460001DFBB /* Resources */ = {
			isa = PBXResourcesBuildPhase;
			buildActionMask = 2147483647;
			files = (
				D515E40928ACE0490001DFBB /* Preview Assets.xcassets in Resources */,
				D515E40628ACE0490001DFBB /* Assets.xcassets in Resources */,
			);
			runOnlyForDeploymentPostprocessing = 0;
		};
		D515E41128ACE04A0001DFBB /* Resources */ = {
			isa = PBXResourcesBuildPhase;
			buildActionMask = 2147483647;
			files = (
			);
			runOnlyForDeploymentPostprocessing = 0;
		};
		D515E41B28ACE04A0001DFBB /* Resources */ = {
			isa = PBXResourcesBuildPhase;
			buildActionMask = 2147483647;
			files = (
			);
			runOnlyForDeploymentPostprocessing = 0;
		};
/* End PBXResourcesBuildPhase section */

/* Begin PBXSourcesBuildPhase section */
		D515E3FA28ACE0460001DFBB /* Sources */ = {
			isa = PBXSourcesBuildPhase;
			buildActionMask = 2147483647;
			files = (
				D515E40B28ACE0490001DFBB /* Persistence.swift in Sources */,
				D515E40428ACE0460001DFBB /* ContentView.swift in Sources */,
				D515E40E28ACE0490001DFBB /* iosPracticeSwiftUI_ver1.xcdatamodeld in Sources */,
				D515E40228ACE0460001DFBB /* iosPracticeSwiftUI_ver1App.swift in Sources */,
			);
			runOnlyForDeploymentPostprocessing = 0;
		};
		D515E40F28ACE04A0001DFBB /* Sources */ = {
			isa = PBXSourcesBuildPhase;
			buildActionMask = 2147483647;
			files = (
				D515E41828ACE04A0001DFBB /* iosPracticeSwiftUI_ver1Tests.swift in Sources */,
			);
			runOnlyForDeploymentPostprocessing = 0;
		};
		D515E41928ACE04A0001DFBB /* Sources */ = {
			isa = PBXSourcesBuildPhase;
			buildActionMask = 2147483647;
			files = (
				D515E42228ACE04A0001DFBB /* iosPracticeSwiftUI_ver1UITests.swift in Sources */,
				D515E42428ACE04A0001DFBB /* iosPracticeSwiftUI_ver1UITestsLaunchTests.swift in Sources */,
			);
			runOnlyForDeploymentPostprocessing = 0;
		};
/* End PBXSourcesBuildPhase section */

/* Begin PBXTargetDependency section */
		D515E41528ACE04A0001DFBB /* PBXTargetDependency */ = {
			isa = PBXTargetDependency;
			target = D515E3FD28ACE0460001DFBB /* iosPracticeSwiftUI_ver1 */;
			targetProxy = D515E41428ACE04A0001DFBB /* PBXContainerItemProxy */;
		};
		D515E41F28ACE04A0001DFBB /* PBXTargetDependency */ = {
			isa = PBXTargetDependency;
			target = D515E3FD28ACE0460001DFBB /* iosPracticeSwiftUI_ver1 */;
			targetProxy = D515E41E28ACE04A0001DFBB /* PBXContainerItemProxy */;
		};
/* End PBXTargetDependency section */

/* Begin XCBuildConfiguration section */
		D515E42528ACE04A0001DFBB /* Debug */ = {
			isa = XCBuildConfiguration;
			buildSettings = {
				ALWAYS_SEARCH_USER_PATHS = NO;
				CLANG_ANALYZER_NONNULL = YES;
				CLANG_ANALYZER_NUMBER_OBJECT_CONVERSION = YES_AGGRESSIVE;
				CLANG_CXX_LANGUAGE_STANDARD = "gnu++17";
				CLANG_ENABLE_MODULES = YES;
				CLANG_ENABLE_OBJC_ARC = YES;
				CLANG_ENABLE_OBJC_WEAK = YES;
				CLANG_WARN_BLOCK_CAPTURE_AUTORELEASING = YES;
				CLANG_WARN_BOOL_CONVERSION = YES;
				CLANG_WARN_COMMA = YES;
				CLANG_WARN_CONSTANT_CONVERSION = YES;
				CLANG_WARN_DEPRECATED_OBJC_IMPLEMENTATIONS = YES;
				CLANG_WARN_DIRECT_OBJC_ISA_USAGE = YES_ERROR;
				CLANG_WARN_DOCUMENTATION_COMMENTS = YES;
				CLANG_WARN_EMPTY_BODY = YES;
				CLANG_WARN_ENUM_CONVERSION = YES;
				CLANG_WARN_INFINITE_RECURSION = YES;
				CLANG_WARN_INT_CONVERSION = YES;
				CLANG_WARN_NON_LITERAL_NULL_CONVERSION = YES;
				CLANG_WARN_OBJC_IMPLICIT_RETAIN_SELF = YES;
				CLANG_WARN_OBJC_LITERAL_CONVERSION = YES;
				CLANG_WARN_OBJC_ROOT_CLASS = YES_ERROR;
				CLANG_WARN_QUOTED_INCLUDE_IN_FRAMEWORK_HEADER = YES;
				CLANG_WARN_RANGE_LOOP_ANALYSIS = YES;
				CLANG_WARN_STRICT_PROTOTYPES = YES;
				CLANG_WARN_SUSPICIOUS_MOVE = YES;
				CLANG_WARN_UNGUARDED_AVAILABILITY = YES_AGGRESSIVE;
				CLANG_WARN_UNREACHABLE_CODE = YES;
				CLANG_WARN__DUPLICATE_METHOD_MATCH = YES;
				COPY_PHASE_STRIP = NO;
				DEBUG_INFORMATION_FORMAT = dwarf;
				ENABLE_STRICT_OBJC_MSGSEND = YES;
				ENABLE_TESTABILITY = YES;
				GCC_C_LANGUAGE_STANDARD = gnu11;
				GCC_DYNAMIC_NO_PIC = NO;
				GCC_NO_COMMON_BLOCKS = YES;
				GCC_OPTIMIZATION_LEVEL = 0;
				GCC_PREPROCESSOR_DEFINITIONS = (
					"DEBUG=1",
					"$(inherited)",
				);
				GCC_WARN_64_TO_32_BIT_CONVERSION = YES;
				GCC_WARN_ABOUT_RETURN_TYPE = YES_ERROR;
				GCC_WARN_UNDECLARED_SELECTOR = YES;
				GCC_WARN_UNINITIALIZED_AUTOS = YES_AGGRESSIVE;
				GCC_WARN_UNUSED_FUNCTION = YES;
				GCC_WARN_UNUSED_VARIABLE = YES;
				IPHONEOS_DEPLOYMENT_TARGET = 15.5;
				MTL_ENABLE_DEBUG_INFO = INCLUDE_SOURCE;
				MTL_FAST_MATH = YES;
				ONLY_ACTIVE_ARCH = YES;
				SDKROOT = iphoneos;
				SWIFT_ACTIVE_COMPILATION_CONDITIONS = DEBUG;
				SWIFT_OPTIMIZATION_LEVEL = "-Onone";
			};
			name = Debug;
		};
		D515E42628ACE04A0001DFBB /* Release */ = {
			isa = XCBuildConfiguration;
			buildSettings = {
				ALWAYS_SEARCH_USER_PATHS = NO;
				CLANG_ANALYZER_NONNULL = YES;
				CLANG_ANALYZER_NUMBER_OBJECT_CONVERSION = YES_AGGRESSIVE;
				CLANG_CXX_LANGUAGE_STANDARD = "gnu++17";
				CLANG_ENABLE_MODULES = YES;
				CLANG_ENABLE_OBJC_ARC = YES;
				CLANG_ENABLE_OBJC_WEAK = YES;
				CLANG_WARN_BLOCK_CAPTURE_AUTORELEASING = YES;
				CLANG_WARN_BOOL_CONVERSION = YES;
				CLANG_WARN_COMMA = YES;
				CLANG_WARN_CONSTANT_CONVERSION = YES;
				CLANG_WARN_DEPRECATED_OBJC_IMPLEMENTATIONS = YES;
				CLANG_WARN_DIRECT_OBJC_ISA_USAGE = YES_ERROR;
				CLANG_WARN_DOCUMENTATION_COMMENTS = YES;
				CLANG_WARN_EMPTY_BODY = YES;
				CLANG_WARN_ENUM_CONVERSION = YES;
				CLANG_WARN_INFINITE_RECURSION = YES;
				CLANG_WARN_INT_CONVERSION = YES;
				CLANG_WARN_NON_LITERAL_NULL_CONVERSION = YES;
				CLANG_WARN_OBJC_IMPLICIT_RETAIN_SELF = YES;
				CLANG_WARN_OBJC_LITERAL_CONVERSION = YES;
				CLANG_WARN_OBJC_ROOT_CLASS = YES_ERROR;
				CLANG_WARN_QUOTED_INCLUDE_IN_FRAMEWORK_HEADER = YES;
				CLANG_WARN_RANGE_LOOP_ANALYSIS = YES;
				CLANG_WARN_STRICT_PROTOTYPES = YES;
				CLANG_WARN_SUSPICIOUS_MOVE = YES;
				CLANG_WARN_UNGUARDED_AVAILABILITY = YES_AGGRESSIVE;
				CLANG_WARN_UNREACHABLE_CODE = YES;
				CLANG_WARN__DUPLICATE_METHOD_MATCH = YES;
				COPY_PHASE_STRIP = NO;
				DEBUG_INFORMATION_FORMAT = "dwarf-with-dsym";
				ENABLE_NS_ASSERTIONS = NO;
				ENABLE_STRICT_OBJC_MSGSEND = YES;
				GCC_C_LANGUAGE_STANDARD = gnu11;
				GCC_NO_COMMON_BLOCKS = YES;
				GCC_WARN_64_TO_32_BIT_CONVERSION = YES;
				GCC_WARN_ABOUT_RETURN_TYPE = YES_ERROR;
				GCC_WARN_UNDECLARED_SELECTOR = YES;
				GCC_WARN_UNINITIALIZED_AUTOS = YES_AGGRESSIVE;
				GCC_WARN_UNUSED_FUNCTION = YES;
				GCC_WARN_UNUSED_VARIABLE = YES;
				IPHONEOS_DEPLOYMENT_TARGET = 15.5;
				MTL_ENABLE_DEBUG_INFO = NO;
				MTL_FAST_MATH = YES;
				SDKROOT = iphoneos;
				SWIFT_COMPILATION_MODE = wholemodule;
				SWIFT_OPTIMIZATION_LEVEL = "-O";
				VALIDATE_PRODUCT = YES;
			};
			name = Release;
		};
		D515E42828ACE04A0001DFBB /* Debug */ = {
			isa = XCBuildConfiguration;
			buildSettings = {
				ASSETCATALOG_COMPILER_APPICON_NAME = AppIcon;
				ASSETCATALOG_COMPILER_GLOBAL_ACCENT_COLOR_NAME = AccentColor;
				CODE_SIGN_STYLE = Automatic;
				CURRENT_PROJECT_VERSION = 1;
				DEVELOPMENT_ASSET_PATHS = "\"iosPracticeSwiftUI_ver1/Preview Content\"";
				DEVELOPMENT_TEAM = 4QP64UP44Y;
				ENABLE_PREVIEWS = YES;
				GENERATE_INFOPLIST_FILE = YES;
				INFOPLIST_KEY_UIApplicationSceneManifest_Generation = YES;
				INFOPLIST_KEY_UIApplicationSupportsIndirectInputEvents = YES;
				INFOPLIST_KEY_UILaunchScreen_Generation = YES;
				INFOPLIST_KEY_UISupportedInterfaceOrientations_iPad = "UIInterfaceOrientationPortrait UIInterfaceOrientationPortraitUpsideDown UIInterfaceOrientationLandscapeLeft UIInterfaceOrientationLandscapeRight";
				INFOPLIST_KEY_UISupportedInterfaceOrientations_iPhone = "UIInterfaceOrientationPortrait UIInterfaceOrientationLandscapeLeft UIInterfaceOrientationLandscapeRight";
				LD_RUNPATH_SEARCH_PATHS = (
					"$(inherited)",
					"@executable_path/Frameworks",
				);
				MARKETING_VERSION = 1.0;
				PRODUCT_BUNDLE_IDENTIFIER = "co.Delask.iosPracticeSwiftUI-ver1";
				PRODUCT_NAME = "$(TARGET_NAME)";
				SWIFT_EMIT_LOC_STRINGS = YES;
				SWIFT_VERSION = 5.0;
				TARGETED_DEVICE_FAMILY = "1,2";
			};
			name = Debug;
		};
		D515E42928ACE04A0001DFBB /* Release */ = {
			isa = XCBuildConfiguration;
			buildSettings = {
				ASSETCATALOG_COMPILER_APPICON_NAME = AppIcon;
				ASSETCATALOG_COMPILER_GLOBAL_ACCENT_COLOR_NAME = AccentColor;
				CODE_SIGN_STYLE = Automatic;
				CURRENT_PROJECT_VERSION = 1;
				DEVELOPMENT_ASSET_PATHS = "\"iosPracticeSwiftUI_ver1/Preview Content\"";
				DEVELOPMENT_TEAM = 4QP64UP44Y;
				ENABLE_PREVIEWS = YES;
				GENERATE_INFOPLIST_FILE = YES;
				INFOPLIST_KEY_UIApplicationSceneManifest_Generation = YES;
				INFOPLIST_KEY_UIApplicationSupportsIndirectInputEvents = YES;
				INFOPLIST_KEY_UILaunchScreen_Generation = YES;
				INFOPLIST_KEY_UISupportedInterfaceOrientations_iPad = "UIInterfaceOrientationPortrait UIInterfaceOrientationPortraitUpsideDown UIInterfaceOrientationLandscapeLeft UIInterfaceOrientationLandscapeRight";
				INFOPLIST_KEY_UISupportedInterfaceOrientations_iPhone = "UIInterfaceOrientationPortrait UIInterfaceOrientationLandscapeLeft UIInterfaceOrientationLandscapeRight";
				LD_RUNPATH_SEARCH_PATHS = (
					"$(inherited)",
					"@executable_path/Frameworks",
				);
				MARKETING_VERSION = 1.0;
				PRODUCT_BUNDLE_IDENTIFIER = "co.Delask.iosPracticeSwiftUI-ver1";
				PRODUCT_NAME = "$(TARGET_NAME)";
				SWIFT_EMIT_LOC_STRINGS = YES;
				SWIFT_VERSION = 5.0;
				TARGETED_DEVICE_FAMILY = "1,2";
			};
			name = Release;
		};
		D515E42B28ACE04A0001DFBB /* Debug */ = {
			isa = XCBuildConfiguration;
			buildSettings = {
				ALWAYS_EMBED_SWIFT_STANDARD_LIBRARIES = YES;
				BUNDLE_LOADER = "$(TEST_HOST)";
				CODE_SIGN_STYLE = Automatic;
				CURRENT_PROJECT_VERSION = 1;
				DEVELOPMENT_TEAM = 4QP64UP44Y;
				GENERATE_INFOPLIST_FILE = YES;
				IPHONEOS_DEPLOYMENT_TARGET = 15.5;
				MARKETING_VERSION = 1.0;
				PRODUCT_BUNDLE_IDENTIFIER = "co.Delask.iosPracticeSwiftUI-ver1Tests";
				PRODUCT_NAME = "$(TARGET_NAME)";
				SWIFT_EMIT_LOC_STRINGS = NO;
				SWIFT_VERSION = 5.0;
				TARGETED_DEVICE_FAMILY = "1,2";
				TEST_HOST = "$(BUILT_PRODUCTS_DIR)/iosPracticeSwiftUI_ver1.app/iosPracticeSwiftUI_ver1";
			};
			name = Debug;
		};
		D515E42C28ACE04A0001DFBB /* Release */ = {
			isa = XCBuildConfiguration;
			buildSettings = {
				ALWAYS_EMBED_SWIFT_STANDARD_LIBRARIES = YES;
				BUNDLE_LOADER = "$(TEST_HOST)";
				CODE_SIGN_STYLE = Automatic;
				CURRENT_PROJECT_VERSION = 1;
				DEVELOPMENT_TEAM = 4QP64UP44Y;
				GENERATE_INFOPLIST_FILE = YES;
				IPHONEOS_DEPLOYMENT_TARGET = 15.5;
				MARKETING_VERSION = 1.0;
				PRODUCT_BUNDLE_IDENTIFIER = "co.Delask.iosPracticeSwiftUI-ver1Tests";
				PRODUCT_NAME = "$(TARGET_NAME)";
				SWIFT_EMIT_LOC_STRINGS = NO;
				SWIFT_VERSION = 5.0;
				TARGETED_DEVICE_FAMILY = "1,2";
				TEST_HOST = "$(BUILT_PRODUCTS_DIR)/iosPracticeSwiftUI_ver1.app/iosPracticeSwiftUI_ver1";
			};
			name = Release;
		};
		D515E42E28ACE04A0001DFBB /* Debug */ = {
			isa = XCBuildConfiguration;
			buildSettings = {
				ALWAYS_EMBED_SWIFT_STANDARD_LIBRARIES = YES;
				CODE_SIGN_STYLE = Automatic;
				CURRENT_PROJECT_VERSION = 1;
				DEVELOPMENT_TEAM = 4QP64UP44Y;
				GENERATE_INFOPLIST_FILE = YES;
				MARKETING_VERSION = 1.0;
				PRODUCT_BUNDLE_IDENTIFIER = "co.Delask.iosPracticeSwiftUI-ver1UITests";
				PRODUCT_NAME = "$(TARGET_NAME)";
				SWIFT_EMIT_LOC_STRINGS = NO;
				SWIFT_VERSION = 5.0;
				TARGETED_DEVICE_FAMILY = "1,2";
				TEST_TARGET_NAME = iosPracticeSwiftUI_ver1;
			};
			name = Debug;
		};
		D515E42F28ACE04A0001DFBB /* Release */ = {
			isa = XCBuildConfiguration;
			buildSettings = {
				ALWAYS_EMBED_SWIFT_STANDARD_LIBRARIES = YES;
				CODE_SIGN_STYLE = Automatic;
				CURRENT_PROJECT_VERSION = 1;
				DEVELOPMENT_TEAM = 4QP64UP44Y;
				GENERATE_INFOPLIST_FILE = YES;
				MARKETING_VERSION = 1.0;
				PRODUCT_BUNDLE_IDENTIFIER = "co.Delask.iosPracticeSwiftUI-ver1UITests";
				PRODUCT_NAME = "$(TARGET_NAME)";
				SWIFT_EMIT_LOC_STRINGS = NO;
				SWIFT_VERSION = 5.0;
				TARGETED_DEVICE_FAMILY = "1,2";
				TEST_TARGET_NAME = iosPracticeSwiftUI_ver1;
			};
			name = Release;
		};
/* End XCBuildConfiguration section */

/* Begin XCConfigurationList section */
		D515E3F928ACE0460001DFBB /* Build configuration list for PBXProject "iosPracticeSwiftUI_ver1" */ = {
			isa = XCConfigurationList;
			buildConfigurations = (
				D515E42528ACE04A0001DFBB /* Debug */,
				D515E42628ACE04A0001DFBB /* Release */,
			);
			defaultConfigurationIsVisible = 0;
			defaultConfigurationName = Release;
		};
		D515E42728ACE04A0001DFBB /* Build configuration list for PBXNativeTarget "iosPracticeSwiftUI_ver1" */ = {
			isa = XCConfigurationList;
			buildConfigurations = (
				D515E42828ACE04A0001DFBB /* Debug */,
				D515E42928ACE04A0001DFBB /* Release */,
			);
			defaultConfigurationIsVisible = 0;
			defaultConfigurationName = Release;
		};
		D515E42A28ACE04A0001DFBB /* Build configuration list for PBXNativeTarget "iosPracticeSwiftUI_ver1Tests" */ = {
			isa = XCConfigurationList;
			buildConfigurations = (
				D515E42B28ACE04A0001DFBB /* Debug */,
				D515E42C28ACE04A0001DFBB /* Release */,
			);
			defaultConfigurationIsVisible = 0;
			defaultConfigurationName = Release;
		};
		D515E42D28ACE04A0001DFBB /* Build configuration list for PBXNativeTarget "iosPracticeSwiftUI_ver1UITests" */ = {
			isa = XCConfigurationList;
			buildConfigurations = (
				D515E42E28ACE04A0001DFBB /* Debug */,
				D515E42F28ACE04A0001DFBB /* Release */,
			);
			defaultConfigurationIsVisible = 0;
			defaultConfigurationName = Release;
		};
/* End XCConfigurationList section */

/* Begin XCVersionGroup section */
		D515E40C28ACE0490001DFBB /* iosPracticeSwiftUI_ver1.xcdatamodeld */ = {
			isa = XCVersionGroup;
			children = (
				D515E40D28ACE0490001DFBB /* iosPracticeSwiftUI_ver1.xcdatamodel */,
			);
			currentVersion = D515E40D28ACE0490001DFBB /* iosPracticeSwiftUI_ver1.xcdatamodel */;
			path = iosPracticeSwiftUI_ver1.xcdatamodeld;
			sourceTree = "<group>";
			versionGroupType = wrapper.xcdatamodel;
		};
/* End XCVersionGroup section */
	};
	rootObject = D515E3F628ACE0460001DFBB /* Project object */;
}
